
Microsoft Visual Studio Solution File, Format Version 12.00
Project("{FAE04EC0-301F-11D3-BF4B-00C04F79EFBC}") = "GraphQlSample", "GraphQlSample\GraphQlSample.csproj", "{95096EFA-9715-4680-A7B5-7C5AF4AEC875}"
EndProject
Global
	GlobalSection(SolutionConfigurationPlatforms) = preSolution
		Debug|Any CPU = Debug|Any CPU
		Release|Any CPU = Release|Any CPU
	EndGlobalSection
	GlobalSection(ProjectConfigurationPlatforms) = postSolution
		{95096EFA-9715-4680-A7B5-7C5AF4AEC875}.Debug|Any CPU.ActiveCfg = Debug|Any CPU
		{95096EFA-9715-4680-A7B5-7C5AF4AEC875}.Debug|Any CPU.Build.0 = Debug|Any CPU
		{95096EFA-9715-4680-A7B5-7C5AF4AEC875}.Release|Any CPU.ActiveCfg = Release|Any CPU
		{95096EFA-9715-4680-A7B5-7C5AF4AEC875}.Release|Any CPU.Build.0 = Release|Any CPU
	EndGlobalSection
EndGlobal
